// !$*UTF8*$!
{
	archiveVersion = 1;
	classes = {
	};
	objectVersion = 56;
	objects = {

/* Begin PBXBuildFile section */
		10A3C3F22AACA76300937127 /* EnvironmentWrapper.swift in Sources */ = {isa = PBXBuildFile; fileRef = 10A3C3F12AACA76300937127 /* EnvironmentWrapper.swift */; };
		10A3C3F42AACA9C400937127 /* AuthService.swift in Sources */ = {isa = PBXBuildFile; fileRef = 10A3C3F32AACA9C400937127 /* AuthService.swift */; };
		10FB6A862AAB50E8003ECA6D /* GoogleService-Info.plist in Resources */ = {isa = PBXBuildFile; fileRef = 10FB6A852AAB50E8003ECA6D /* GoogleService-Info.plist */; };
		10FB6A892AAB51AB003ECA6D /* FirebaseAuth in Frameworks */ = {isa = PBXBuildFile; productRef = 10FB6A882AAB51AB003ECA6D /* FirebaseAuth */; };
		10FB6A8B2AAB51AB003ECA6D /* FirebaseDatabase in Frameworks */ = {isa = PBXBuildFile; productRef = 10FB6A8A2AAB51AB003ECA6D /* FirebaseDatabase */; };
		10FB6A8D2AAB51AB003ECA6D /* FirebaseDatabaseSwift in Frameworks */ = {isa = PBXBuildFile; productRef = 10FB6A8C2AAB51AB003ECA6D /* FirebaseDatabaseSwift */; };
		10FB6A8F2AAB51AB003ECA6D /* FirebaseFirestore in Frameworks */ = {isa = PBXBuildFile; productRef = 10FB6A8E2AAB51AB003ECA6D /* FirebaseFirestore */; };
		10FB6A912AAB51AB003ECA6D /* FirebaseFirestoreCombine-Community in Frameworks */ = {isa = PBXBuildFile; productRef = 10FB6A902AAB51AB003ECA6D /* FirebaseFirestoreCombine-Community */; };
		10FB6A932AAB51AB003ECA6D /* FirebaseFirestoreSwift in Frameworks */ = {isa = PBXBuildFile; productRef = 10FB6A922AAB51AB003ECA6D /* FirebaseFirestoreSwift */; };
		10FB6A952AAB51AB003ECA6D /* FirebaseStorage in Frameworks */ = {isa = PBXBuildFile; productRef = 10FB6A942AAB51AB003ECA6D /* FirebaseStorage */; };
		10FB6A972AAB51AB003ECA6D /* FirebaseStorageCombine-Community in Frameworks */ = {isa = PBXBuildFile; productRef = 10FB6A962AAB51AB003ECA6D /* FirebaseStorageCombine-Community */; };
		10FB6A9A2AAB9071003ECA6D /* AuthStore.swift in Sources */ = {isa = PBXBuildFile; fileRef = 10FB6A992AAB9071003ECA6D /* AuthStore.swift */; };
		10FB6A9D2AAB90B6003ECA6D /* GoogleSignIn in Frameworks */ = {isa = PBXBuildFile; productRef = 10FB6A9C2AAB90B6003ECA6D /* GoogleSignIn */; };
		10FB6A9F2AAB90B6003ECA6D /* GoogleSignInSwift in Frameworks */ = {isa = PBXBuildFile; productRef = 10FB6A9E2AAB90B6003ECA6D /* GoogleSignInSwift */; };
		1518F8F72AADF9AB00522C5A /* ProfileView.swift in Sources */ = {isa = PBXBuildFile; fileRef = 1518F8F62AADF9AB00522C5A /* ProfileView.swift */; };
		15265DD62AAAEF6300AB48A3 /* Assignment3App.swift in Sources */ = {isa = PBXBuildFile; fileRef = 15265DD52AAAEF6300AB48A3 /* Assignment3App.swift */; };
		15265DD82AAAEF6300AB48A3 /* ContentView.swift in Sources */ = {isa = PBXBuildFile; fileRef = 15265DD72AAAEF6300AB48A3 /* ContentView.swift */; };
		15265DDA2AAAEF6400AB48A3 /* Assets.xcassets in Resources */ = {isa = PBXBuildFile; fileRef = 15265DD92AAAEF6400AB48A3 /* Assets.xcassets */; };
		15265DDE2AAAEF6400AB48A3 /* Preview Assets.xcassets in Resources */ = {isa = PBXBuildFile; fileRef = 15265DDD2AAAEF6400AB48A3 /* Preview Assets.xcassets */; };
		15265DF72AAAFE9E00AB48A3 /* Account.swift in Sources */ = {isa = PBXBuildFile; fileRef = 15265DF62AAAFE9E00AB48A3 /* Account.swift */; };
		15265DFF2AAAFEC300AB48A3 /* action.wav in Resources */ = {isa = PBXBuildFile; fileRef = 15265DFA2AAAFEC200AB48A3 /* action.wav */; };
		15265E002AAAFEC300AB48A3 /* lose.wav in Resources */ = {isa = PBXBuildFile; fileRef = 15265DFB2AAAFEC300AB48A3 /* lose.wav */; };
		15265E012AAAFEC300AB48A3 /* background.mp3 in Resources */ = {isa = PBXBuildFile; fileRef = 15265DFC2AAAFEC300AB48A3 /* background.mp3 */; };
		15265E022AAAFEC300AB48A3 /* newGame.wav in Resources */ = {isa = PBXBuildFile; fileRef = 15265DFD2AAAFEC300AB48A3 /* newGame.wav */; };
		15265E032AAAFEC300AB48A3 /* win.wav in Resources */ = {isa = PBXBuildFile; fileRef = 15265DFE2AAAFEC300AB48A3 /* win.wav */; };
		15C77D722AADEEAC0009C600 /* SplashView.swift in Sources */ = {isa = PBXBuildFile; fileRef = 15C77D6D2AADEEAC0009C600 /* SplashView.swift */; };
		15C77D732AADEEAC0009C600 /* CustomSetUp.swift in Sources */ = {isa = PBXBuildFile; fileRef = 15C77D6E2AADEEAC0009C600 /* CustomSetUp.swift */; };
		15C77D742AADEEAC0009C600 /* SignUpView.swift in Sources */ = {isa = PBXBuildFile; fileRef = 15C77D6F2AADEEAC0009C600 /* SignUpView.swift */; };
		15C77D752AADEEAC0009C600 /* LogInView.swift in Sources */ = {isa = PBXBuildFile; fileRef = 15C77D702AADEEAC0009C600 /* LogInView.swift */; };
		15C77D762AADEEAC0009C600 /* DetailView.swift in Sources */ = {isa = PBXBuildFile; fileRef = 15C77D712AADEEAC0009C600 /* DetailView.swift */; };
		15C77D792AADEEC30009C600 /* AccountService.swift in Sources */ = {isa = PBXBuildFile; fileRef = 15C77D772AADEEC30009C600 /* AccountService.swift */; };
		15C77D7A2AADEEC30009C600 /* Color.swift in Sources */ = {isa = PBXBuildFile; fileRef = 15C77D782AADEEC30009C600 /* Color.swift */; };
		15C77D7C2AADEED10009C600 /* Food.swift in Sources */ = {isa = PBXBuildFile; fileRef = 15C77D7B2AADEED10009C600 /* Food.swift */; };
		15C77D7E2AADEF640009C600 /* Image in Resources */ = {isa = PBXBuildFile; fileRef = 15C77D7D2AADEF640009C600 /* Image */; };
/* End PBXBuildFile section */

/* Begin PBXFileReference section */
		10A3C3F12AACA76300937127 /* EnvironmentWrapper.swift */ = {isa = PBXFileReference; lastKnownFileType = sourcecode.swift; path = EnvironmentWrapper.swift; sourceTree = "<group>"; };
		10A3C3F32AACA9C400937127 /* AuthService.swift */ = {isa = PBXFileReference; lastKnownFileType = sourcecode.swift; path = AuthService.swift; sourceTree = "<group>"; };
		10FB6A852AAB50E8003ECA6D /* GoogleService-Info.plist */ = {isa = PBXFileReference; fileEncoding = 4; lastKnownFileType = text.plist.xml; path = "GoogleService-Info.plist"; sourceTree = "<group>"; };
		10FB6A992AAB9071003ECA6D /* AuthStore.swift */ = {isa = PBXFileReference; lastKnownFileType = sourcecode.swift; path = AuthStore.swift; sourceTree = "<group>"; };
		10FB6AA02AAB9C13003ECA6D /* Info.plist */ = {isa = PBXFileReference; lastKnownFileType = text.plist; path = Info.plist; sourceTree = "<group>"; };
		1518F8F62AADF9AB00522C5A /* ProfileView.swift */ = {isa = PBXFileReference; lastKnownFileType = sourcecode.swift; path = ProfileView.swift; sourceTree = "<group>"; };
		15265DD22AAAEF6300AB48A3 /* Assignment3.app */ = {isa = PBXFileReference; explicitFileType = wrapper.application; includeInIndex = 0; path = Assignment3.app; sourceTree = BUILT_PRODUCTS_DIR; };
		15265DD52AAAEF6300AB48A3 /* Assignment3App.swift */ = {isa = PBXFileReference; lastKnownFileType = sourcecode.swift; path = Assignment3App.swift; sourceTree = "<group>"; };
		15265DD72AAAEF6300AB48A3 /* ContentView.swift */ = {isa = PBXFileReference; lastKnownFileType = sourcecode.swift; path = ContentView.swift; sourceTree = "<group>"; };
		15265DD92AAAEF6400AB48A3 /* Assets.xcassets */ = {isa = PBXFileReference; lastKnownFileType = folder.assetcatalog; path = Assets.xcassets; sourceTree = "<group>"; };
		15265DDB2AAAEF6400AB48A3 /* Assignment3.entitlements */ = {isa = PBXFileReference; lastKnownFileType = text.plist.entitlements; path = Assignment3.entitlements; sourceTree = "<group>"; };
		15265DDD2AAAEF6400AB48A3 /* Preview Assets.xcassets */ = {isa = PBXFileReference; lastKnownFileType = folder.assetcatalog; path = "Preview Assets.xcassets"; sourceTree = "<group>"; };
		15265DF62AAAFE9E00AB48A3 /* Account.swift */ = {isa = PBXFileReference; lastKnownFileType = sourcecode.swift; path = Account.swift; sourceTree = "<group>"; };
		15265DFA2AAAFEC200AB48A3 /* action.wav */ = {isa = PBXFileReference; lastKnownFileType = audio.wav; path = action.wav; sourceTree = "<group>"; };
		15265DFB2AAAFEC300AB48A3 /* lose.wav */ = {isa = PBXFileReference; lastKnownFileType = audio.wav; path = lose.wav; sourceTree = "<group>"; };
		15265DFC2AAAFEC300AB48A3 /* background.mp3 */ = {isa = PBXFileReference; lastKnownFileType = audio.mp3; path = background.mp3; sourceTree = "<group>"; };
		15265DFD2AAAFEC300AB48A3 /* newGame.wav */ = {isa = PBXFileReference; lastKnownFileType = audio.wav; path = newGame.wav; sourceTree = "<group>"; };
		15265DFE2AAAFEC300AB48A3 /* win.wav */ = {isa = PBXFileReference; lastKnownFileType = audio.wav; path = win.wav; sourceTree = "<group>"; };
		15C77D6D2AADEEAC0009C600 /* SplashView.swift */ = {isa = PBXFileReference; fileEncoding = 4; lastKnownFileType = sourcecode.swift; path = SplashView.swift; sourceTree = "<group>"; };
		15C77D6E2AADEEAC0009C600 /* CustomSetUp.swift */ = {isa = PBXFileReference; fileEncoding = 4; lastKnownFileType = sourcecode.swift; path = CustomSetUp.swift; sourceTree = "<group>"; };
		15C77D6F2AADEEAC0009C600 /* SignUpView.swift */ = {isa = PBXFileReference; fileEncoding = 4; lastKnownFileType = sourcecode.swift; path = SignUpView.swift; sourceTree = "<group>"; };
		15C77D702AADEEAC0009C600 /* LogInView.swift */ = {isa = PBXFileReference; fileEncoding = 4; lastKnownFileType = sourcecode.swift; path = LogInView.swift; sourceTree = "<group>"; };
		15C77D712AADEEAC0009C600 /* DetailView.swift */ = {isa = PBXFileReference; fileEncoding = 4; lastKnownFileType = sourcecode.swift; path = DetailView.swift; sourceTree = "<group>"; };
		15C77D772AADEEC30009C600 /* AccountService.swift */ = {isa = PBXFileReference; fileEncoding = 4; lastKnownFileType = sourcecode.swift; path = AccountService.swift; sourceTree = "<group>"; };
		15C77D782AADEEC30009C600 /* Color.swift */ = {isa = PBXFileReference; fileEncoding = 4; lastKnownFileType = sourcecode.swift; path = Color.swift; sourceTree = "<group>"; };
		15C77D7B2AADEED10009C600 /* Food.swift */ = {isa = PBXFileReference; fileEncoding = 4; lastKnownFileType = sourcecode.swift; path = Food.swift; sourceTree = "<group>"; };
		15C77D7D2AADEF640009C600 /* Image */ = {isa = PBXFileReference; lastKnownFileType = folder; path = Image; sourceTree = "<group>"; };
/* End PBXFileReference section */

/* Begin PBXFrameworksBuildPhase section */
		15265DCF2AAAEF6300AB48A3 /* Frameworks */ = {
			isa = PBXFrameworksBuildPhase;
			buildActionMask = 2147483647;
			files = (
				10FB6A8D2AAB51AB003ECA6D /* FirebaseDatabaseSwift in Frameworks */,
				10FB6A8F2AAB51AB003ECA6D /* FirebaseFirestore in Frameworks */,
				10FB6A972AAB51AB003ECA6D /* FirebaseStorageCombine-Community in Frameworks */,
				10FB6A8B2AAB51AB003ECA6D /* FirebaseDatabase in Frameworks */,
				10FB6A912AAB51AB003ECA6D /* FirebaseFirestoreCombine-Community in Frameworks */,
				10FB6A9F2AAB90B6003ECA6D /* GoogleSignInSwift in Frameworks */,
				10FB6A952AAB51AB003ECA6D /* FirebaseStorage in Frameworks */,
				10FB6A892AAB51AB003ECA6D /* FirebaseAuth in Frameworks */,
				10FB6A932AAB51AB003ECA6D /* FirebaseFirestoreSwift in Frameworks */,
				10FB6A9D2AAB90B6003ECA6D /* GoogleSignIn in Frameworks */,
			);
			runOnlyForDeploymentPostprocessing = 0;
		};
/* End PBXFrameworksBuildPhase section */

/* Begin PBXGroup section */
		10A3C3F02AACA74D00937127 /* Components */ = {
			isa = PBXGroup;
			children = (
				10A3C3F12AACA76300937127 /* EnvironmentWrapper.swift */,
			);
			path = Components;
			sourceTree = "<group>";
		};
		10FB6A982AAB9066003ECA6D /* Stores */ = {
			isa = PBXGroup;
			children = (
				10FB6A992AAB9071003ECA6D /* AuthStore.swift */,
			);
			path = Stores;
			sourceTree = "<group>";
		};
		15265DC92AAAEF6300AB48A3 = {
			isa = PBXGroup;
			children = (
				15265DD42AAAEF6300AB48A3 /* Assignment3 */,
				15265DD32AAAEF6300AB48A3 /* Products */,
			);
			sourceTree = "<group>";
		};
		15265DD32AAAEF6300AB48A3 /* Products */ = {
			isa = PBXGroup;
			children = (
				15265DD22AAAEF6300AB48A3 /* Assignment3.app */,
			);
			name = Products;
			sourceTree = "<group>";
		};
		15265DD42AAAEF6300AB48A3 /* Assignment3 */ = {
			isa = PBXGroup;
			children = (
				15C77D7D2AADEF640009C600 /* Image */,
				10A3C3F02AACA74D00937127 /* Components */,
				10FB6AA02AAB9C13003ECA6D /* Info.plist */,
				10FB6A982AAB9066003ECA6D /* Stores */,
				10FB6A852AAB50E8003ECA6D /* GoogleService-Info.plist */,
				15265DD52AAAEF6300AB48A3 /* Assignment3App.swift */,
				15265DD72AAAEF6300AB48A3 /* ContentView.swift */,
				15265DF32AAAFE3F00AB48A3 /* Sound */,
				15265DF22AAAFE2A00AB48A3 /* Services */,
				15265DF12AAAFE2300AB48A3 /* Models */,
				15265DF02AAAFE1B00AB48A3 /* Views */,
				15265DD92AAAEF6400AB48A3 /* Assets.xcassets */,
				15265DDB2AAAEF6400AB48A3 /* Assignment3.entitlements */,
				15265DDC2AAAEF6400AB48A3 /* Preview Content */,
			);
			path = Assignment3;
			sourceTree = "<group>";
		};
		15265DDC2AAAEF6400AB48A3 /* Preview Content */ = {
			isa = PBXGroup;
			children = (
				15265DDD2AAAEF6400AB48A3 /* Preview Assets.xcassets */,
			);
			path = "Preview Content";
			sourceTree = "<group>";
		};
		15265DF02AAAFE1B00AB48A3 /* Views */ = {
			isa = PBXGroup;
			children = (
				15C77D6E2AADEEAC0009C600 /* CustomSetUp.swift */,
				15C77D712AADEEAC0009C600 /* DetailView.swift */,
				1518F8F62AADF9AB00522C5A /* ProfileView.swift */,
				15C77D702AADEEAC0009C600 /* LogInView.swift */,
				15C77D6F2AADEEAC0009C600 /* SignUpView.swift */,
				15C77D6D2AADEEAC0009C600 /* SplashView.swift */,
			);
			path = Views;
			sourceTree = "<group>";
		};
		15265DF12AAAFE2300AB48A3 /* Models */ = {
			isa = PBXGroup;
			children = (
				15265DF62AAAFE9E00AB48A3 /* Account.swift */,
				15C77D7B2AADEED10009C600 /* Food.swift */,
			);
			path = Models;
			sourceTree = "<group>";
		};
		15265DF22AAAFE2A00AB48A3 /* Services */ = {
			isa = PBXGroup;
			children = (
				15C77D772AADEEC30009C600 /* AccountService.swift */,
				15C77D782AADEEC30009C600 /* Color.swift */,
				10A3C3F32AACA9C400937127 /* AuthService.swift */,
			);
			path = Services;
			sourceTree = "<group>";
		};
		15265DF32AAAFE3F00AB48A3 /* Sound */ = {
			isa = PBXGroup;
			children = (
				15265DFA2AAAFEC200AB48A3 /* action.wav */,
				15265DFC2AAAFEC300AB48A3 /* background.mp3 */,
				15265DFB2AAAFEC300AB48A3 /* lose.wav */,
				15265DFD2AAAFEC300AB48A3 /* newGame.wav */,
				15265DFE2AAAFEC300AB48A3 /* win.wav */,
			);
			path = Sound;
			sourceTree = "<group>";
		};
/* End PBXGroup section */

/* Begin PBXNativeTarget section */
		15265DD12AAAEF6300AB48A3 /* Assignment3 */ = {
			isa = PBXNativeTarget;
			buildConfigurationList = 15265DE12AAAEF6400AB48A3 /* Build configuration list for PBXNativeTarget "Assignment3" */;
			buildPhases = (
				15265DCE2AAAEF6300AB48A3 /* Sources */,
				15265DCF2AAAEF6300AB48A3 /* Frameworks */,
				15265DD02AAAEF6300AB48A3 /* Resources */,
			);
			buildRules = (
			);
			dependencies = (
			);
			name = Assignment3;
			packageProductDependencies = (
				10FB6A882AAB51AB003ECA6D /* FirebaseAuth */,
				10FB6A8A2AAB51AB003ECA6D /* FirebaseDatabase */,
				10FB6A8C2AAB51AB003ECA6D /* FirebaseDatabaseSwift */,
				10FB6A8E2AAB51AB003ECA6D /* FirebaseFirestore */,
				10FB6A902AAB51AB003ECA6D /* FirebaseFirestoreCombine-Community */,
				10FB6A922AAB51AB003ECA6D /* FirebaseFirestoreSwift */,
				10FB6A942AAB51AB003ECA6D /* FirebaseStorage */,
				10FB6A962AAB51AB003ECA6D /* FirebaseStorageCombine-Community */,
				10FB6A9C2AAB90B6003ECA6D /* GoogleSignIn */,
				10FB6A9E2AAB90B6003ECA6D /* GoogleSignInSwift */,
			);
			productName = Assignment3;
			productReference = 15265DD22AAAEF6300AB48A3 /* Assignment3.app */;
			productType = "com.apple.product-type.application";
		};
/* End PBXNativeTarget section */

/* Begin PBXProject section */
		15265DCA2AAAEF6300AB48A3 /* Project object */ = {
			isa = PBXProject;
			attributes = {
				BuildIndependentTargetsInParallel = 1;
				LastSwiftUpdateCheck = 1430;
				LastUpgradeCheck = 1430;
				TargetAttributes = {
					15265DD12AAAEF6300AB48A3 = {
						CreatedOnToolsVersion = 14.3.1;
					};
				};
			};
			buildConfigurationList = 15265DCD2AAAEF6300AB48A3 /* Build configuration list for PBXProject "Assignment3" */;
			compatibilityVersion = "Xcode 14.0";
			developmentRegion = en;
			hasScannedForEncodings = 0;
			knownRegions = (
				en,
				Base,
			);
			mainGroup = 15265DC92AAAEF6300AB48A3;
			packageReferences = (
				10FB6A872AAB51AB003ECA6D /* XCRemoteSwiftPackageReference "firebase-ios-sdk" */,
				10FB6A9B2AAB90B6003ECA6D /* XCRemoteSwiftPackageReference "GoogleSignIn-iOS" */,
			);
			productRefGroup = 15265DD32AAAEF6300AB48A3 /* Products */;
			projectDirPath = "";
			projectRoot = "";
			targets = (
				15265DD12AAAEF6300AB48A3 /* Assignment3 */,
			);
		};
/* End PBXProject section */

/* Begin PBXResourcesBuildPhase section */
		15265DD02AAAEF6300AB48A3 /* Resources */ = {
			isa = PBXResourcesBuildPhase;
			buildActionMask = 2147483647;
			files = (
				15265E032AAAFEC300AB48A3 /* win.wav in Resources */,
				10FB6A862AAB50E8003ECA6D /* GoogleService-Info.plist in Resources */,
				15265DDE2AAAEF6400AB48A3 /* Preview Assets.xcassets in Resources */,
				15C77D7E2AADEF640009C600 /* Image in Resources */,
				15265E012AAAFEC300AB48A3 /* background.mp3 in Resources */,
				15265DDA2AAAEF6400AB48A3 /* Assets.xcassets in Resources */,
				15265E022AAAFEC300AB48A3 /* newGame.wav in Resources */,
				15265DFF2AAAFEC300AB48A3 /* action.wav in Resources */,
				15265E002AAAFEC300AB48A3 /* lose.wav in Resources */,
			);
			runOnlyForDeploymentPostprocessing = 0;
		};
/* End PBXResourcesBuildPhase section */

/* Begin PBXSourcesBuildPhase section */
		15265DCE2AAAEF6300AB48A3 /* Sources */ = {
			isa = PBXSourcesBuildPhase;
			buildActionMask = 2147483647;
			files = (
				15265DD82AAAEF6300AB48A3 /* ContentView.swift in Sources */,
				15C77D762AADEEAC0009C600 /* DetailView.swift in Sources */,
				1518F8F72AADF9AB00522C5A /* ProfileView.swift in Sources */,
				15C77D722AADEEAC0009C600 /* SplashView.swift in Sources */,
				10FB6A9A2AAB9071003ECA6D /* AuthStore.swift in Sources */,
				15C77D7A2AADEEC30009C600 /* Color.swift in Sources */,
				10A3C3F22AACA76300937127 /* EnvironmentWrapper.swift in Sources */,
				15265DF72AAAFE9E00AB48A3 /* Account.swift in Sources */,
				15C77D7C2AADEED10009C600 /* Food.swift in Sources */,
				15C77D742AADEEAC0009C600 /* SignUpView.swift in Sources */,
				15C77D732AADEEAC0009C600 /* CustomSetUp.swift in Sources */,
				15C77D752AADEEAC0009C600 /* LogInView.swift in Sources */,
				15C77D792AADEEC30009C600 /* AccountService.swift in Sources */,
				15265DD62AAAEF6300AB48A3 /* Assignment3App.swift in Sources */,
				10A3C3F42AACA9C400937127 /* AuthService.swift in Sources */,
			);
			runOnlyForDeploymentPostprocessing = 0;
		};
/* End PBXSourcesBuildPhase section */

/* Begin XCBuildConfiguration section */
		15265DDF2AAAEF6400AB48A3 /* Debug */ = {
			isa = XCBuildConfiguration;
			buildSettings = {
				ALWAYS_SEARCH_USER_PATHS = NO;
				CLANG_ANALYZER_NONNULL = YES;
				CLANG_ANALYZER_NUMBER_OBJECT_CONVERSION = YES_AGGRESSIVE;
				CLANG_CXX_LANGUAGE_STANDARD = "gnu++20";
				CLANG_ENABLE_MODULES = YES;
				CLANG_ENABLE_OBJC_ARC = YES;
				CLANG_ENABLE_OBJC_WEAK = YES;
				CLANG_WARN_BLOCK_CAPTURE_AUTORELEASING = YES;
				CLANG_WARN_BOOL_CONVERSION = YES;
				CLANG_WARN_COMMA = YES;
				CLANG_WARN_CONSTANT_CONVERSION = YES;
				CLANG_WARN_DEPRECATED_OBJC_IMPLEMENTATIONS = YES;
				CLANG_WARN_DIRECT_OBJC_ISA_USAGE = YES_ERROR;
				CLANG_WARN_DOCUMENTATION_COMMENTS = YES;
				CLANG_WARN_EMPTY_BODY = YES;
				CLANG_WARN_ENUM_CONVERSION = YES;
				CLANG_WARN_INFINITE_RECURSION = YES;
				CLANG_WARN_INT_CONVERSION = YES;
				CLANG_WARN_NON_LITERAL_NULL_CONVERSION = YES;
				CLANG_WARN_OBJC_IMPLICIT_RETAIN_SELF = YES;
				CLANG_WARN_OBJC_LITERAL_CONVERSION = YES;
				CLANG_WARN_OBJC_ROOT_CLASS = YES_ERROR;
				CLANG_WARN_QUOTED_INCLUDE_IN_FRAMEWORK_HEADER = YES;
				CLANG_WARN_RANGE_LOOP_ANALYSIS = YES;
				CLANG_WARN_STRICT_PROTOTYPES = YES;
				CLANG_WARN_SUSPICIOUS_MOVE = YES;
				CLANG_WARN_UNGUARDED_AVAILABILITY = YES_AGGRESSIVE;
				CLANG_WARN_UNREACHABLE_CODE = YES;
				CLANG_WARN__DUPLICATE_METHOD_MATCH = YES;
				COPY_PHASE_STRIP = NO;
				DEBUG_INFORMATION_FORMAT = dwarf;
				ENABLE_STRICT_OBJC_MSGSEND = YES;
				ENABLE_TESTABILITY = YES;
				GCC_C_LANGUAGE_STANDARD = gnu11;
				GCC_DYNAMIC_NO_PIC = NO;
				GCC_NO_COMMON_BLOCKS = YES;
				GCC_OPTIMIZATION_LEVEL = 0;
				GCC_PREPROCESSOR_DEFINITIONS = (
					"DEBUG=1",
					"$(inherited)",
				);
				GCC_WARN_64_TO_32_BIT_CONVERSION = YES;
				GCC_WARN_ABOUT_RETURN_TYPE = YES_ERROR;
				GCC_WARN_UNDECLARED_SELECTOR = YES;
				GCC_WARN_UNINITIALIZED_AUTOS = YES_AGGRESSIVE;
				GCC_WARN_UNUSED_FUNCTION = YES;
				GCC_WARN_UNUSED_VARIABLE = YES;
				MTL_ENABLE_DEBUG_INFO = INCLUDE_SOURCE;
				MTL_FAST_MATH = YES;
				ONLY_ACTIVE_ARCH = YES;
				SWIFT_ACTIVE_COMPILATION_CONDITIONS = DEBUG;
				SWIFT_OPTIMIZATION_LEVEL = "-Onone";
			};
			name = Debug;
		};
		15265DE02AAAEF6400AB48A3 /* Release */ = {
			isa = XCBuildConfiguration;
			buildSettings = {
				ALWAYS_SEARCH_USER_PATHS = NO;
				CLANG_ANALYZER_NONNULL = YES;
				CLANG_ANALYZER_NUMBER_OBJECT_CONVERSION = YES_AGGRESSIVE;
				CLANG_CXX_LANGUAGE_STANDARD = "gnu++20";
				CLANG_ENABLE_MODULES = YES;
				CLANG_ENABLE_OBJC_ARC = YES;
				CLANG_ENABLE_OBJC_WEAK = YES;
				CLANG_WARN_BLOCK_CAPTURE_AUTORELEASING = YES;
				CLANG_WARN_BOOL_CONVERSION = YES;
				CLANG_WARN_COMMA = YES;
				CLANG_WARN_CONSTANT_CONVERSION = YES;
				CLANG_WARN_DEPRECATED_OBJC_IMPLEMENTATIONS = YES;
				CLANG_WARN_DIRECT_OBJC_ISA_USAGE = YES_ERROR;
				CLANG_WARN_DOCUMENTATION_COMMENTS = YES;
				CLANG_WARN_EMPTY_BODY = YES;
				CLANG_WARN_ENUM_CONVERSION = YES;
				CLANG_WARN_INFINITE_RECURSION = YES;
				CLANG_WARN_INT_CONVERSION = YES;
				CLANG_WARN_NON_LITERAL_NULL_CONVERSION = YES;
				CLANG_WARN_OBJC_IMPLICIT_RETAIN_SELF = YES;
				CLANG_WARN_OBJC_LITERAL_CONVERSION = YES;
				CLANG_WARN_OBJC_ROOT_CLASS = YES_ERROR;
				CLANG_WARN_QUOTED_INCLUDE_IN_FRAMEWORK_HEADER = YES;
				CLANG_WARN_RANGE_LOOP_ANALYSIS = YES;
				CLANG_WARN_STRICT_PROTOTYPES = YES;
				CLANG_WARN_SUSPICIOUS_MOVE = YES;
				CLANG_WARN_UNGUARDED_AVAILABILITY = YES_AGGRESSIVE;
				CLANG_WARN_UNREACHABLE_CODE = YES;
				CLANG_WARN__DUPLICATE_METHOD_MATCH = YES;
				COPY_PHASE_STRIP = NO;
				DEBUG_INFORMATION_FORMAT = "dwarf-with-dsym";
				ENABLE_NS_ASSERTIONS = NO;
				ENABLE_STRICT_OBJC_MSGSEND = YES;
				GCC_C_LANGUAGE_STANDARD = gnu11;
				GCC_NO_COMMON_BLOCKS = YES;
				GCC_WARN_64_TO_32_BIT_CONVERSION = YES;
				GCC_WARN_ABOUT_RETURN_TYPE = YES_ERROR;
				GCC_WARN_UNDECLARED_SELECTOR = YES;
				GCC_WARN_UNINITIALIZED_AUTOS = YES_AGGRESSIVE;
				GCC_WARN_UNUSED_FUNCTION = YES;
				GCC_WARN_UNUSED_VARIABLE = YES;
				MTL_ENABLE_DEBUG_INFO = NO;
				MTL_FAST_MATH = YES;
				SWIFT_COMPILATION_MODE = wholemodule;
				SWIFT_OPTIMIZATION_LEVEL = "-O";
			};
			name = Release;
		};
		15265DE22AAAEF6400AB48A3 /* Debug */ = {
			isa = XCBuildConfiguration;
			buildSettings = {
				ASSETCATALOG_COMPILER_APPICON_NAME = AppIcon;
				ASSETCATALOG_COMPILER_GLOBAL_ACCENT_COLOR_NAME = AccentColor;
				CODE_SIGN_ENTITLEMENTS = Assignment3/Assignment3.entitlements;
				CODE_SIGN_STYLE = Automatic;
				CURRENT_PROJECT_VERSION = 1;
				DEVELOPMENT_ASSET_PATHS = "\"Assignment3/Preview Content\"";
				DEVELOPMENT_TEAM = K8V8ZV693W;
				ENABLE_HARDENED_RUNTIME = YES;
				ENABLE_PREVIEWS = YES;
				GENERATE_INFOPLIST_FILE = YES;
				INFOPLIST_FILE = Assignment3/Info.plist;
				"INFOPLIST_KEY_UIApplicationSceneManifest_Generation[sdk=iphoneos*]" = YES;
				"INFOPLIST_KEY_UIApplicationSceneManifest_Generation[sdk=iphonesimulator*]" = YES;
				"INFOPLIST_KEY_UIApplicationSupportsIndirectInputEvents[sdk=iphoneos*]" = YES;
				"INFOPLIST_KEY_UIApplicationSupportsIndirectInputEvents[sdk=iphonesimulator*]" = YES;
				"INFOPLIST_KEY_UILaunchScreen_Generation[sdk=iphoneos*]" = YES;
				"INFOPLIST_KEY_UILaunchScreen_Generation[sdk=iphonesimulator*]" = YES;
				"INFOPLIST_KEY_UIStatusBarStyle[sdk=iphoneos*]" = UIStatusBarStyleDefault;
				"INFOPLIST_KEY_UIStatusBarStyle[sdk=iphonesimulator*]" = UIStatusBarStyleDefault;
				INFOPLIST_KEY_UISupportedInterfaceOrientations_iPad = "UIInterfaceOrientationPortrait UIInterfaceOrientationPortraitUpsideDown UIInterfaceOrientationLandscapeLeft UIInterfaceOrientationLandscapeRight";
				INFOPLIST_KEY_UISupportedInterfaceOrientations_iPhone = "UIInterfaceOrientationPortrait UIInterfaceOrientationLandscapeLeft UIInterfaceOrientationLandscapeRight";
				IPHONEOS_DEPLOYMENT_TARGET = 16.4;
				LD_RUNPATH_SEARCH_PATHS = "@executable_path/Frameworks";
				"LD_RUNPATH_SEARCH_PATHS[sdk=macosx*]" = "@executable_path/../Frameworks";
				MACOSX_DEPLOYMENT_TARGET = 13.3;
				MARKETING_VERSION = 1.0;
				PRODUCT_BUNDLE_IDENTIFIER = "quy-nguyn.Assignment3";
				PRODUCT_NAME = "$(TARGET_NAME)";
				SDKROOT = auto;
				SUPPORTED_PLATFORMS = "iphoneos iphonesimulator macosx";
				SWIFT_EMIT_LOC_STRINGS = YES;
				SWIFT_VERSION = 5.0;
				TARGETED_DEVICE_FAMILY = "1,2";
			};
			name = Debug;
		};
		15265DE32AAAEF6400AB48A3 /* Release */ = {
			isa = XCBuildConfiguration;
			buildSettings = {
				ASSETCATALOG_COMPILER_APPICON_NAME = AppIcon;
				ASSETCATALOG_COMPILER_GLOBAL_ACCENT_COLOR_NAME = AccentColor;
				CODE_SIGN_ENTITLEMENTS = Assignment3/Assignment3.entitlements;
				CODE_SIGN_STYLE = Automatic;
				CURRENT_PROJECT_VERSION = 1;
				DEVELOPMENT_ASSET_PATHS = "\"Assignment3/Preview Content\"";
				DEVELOPMENT_TEAM = K8V8ZV693W;
				ENABLE_HARDENED_RUNTIME = YES;
				ENABLE_PREVIEWS = YES;
				GENERATE_INFOPLIST_FILE = YES;
				INFOPLIST_FILE = Assignment3/Info.plist;
				"INFOPLIST_KEY_UIApplicationSceneManifest_Generation[sdk=iphoneos*]" = YES;
				"INFOPLIST_KEY_UIApplicationSceneManifest_Generation[sdk=iphonesimulator*]" = YES;
				"INFOPLIST_KEY_UIApplicationSupportsIndirectInputEvents[sdk=iphoneos*]" = YES;
				"INFOPLIST_KEY_UIApplicationSupportsIndirectInputEvents[sdk=iphonesimulator*]" = YES;
				"INFOPLIST_KEY_UILaunchScreen_Generation[sdk=iphoneos*]" = YES;
				"INFOPLIST_KEY_UILaunchScreen_Generation[sdk=iphonesimulator*]" = YES;
				"INFOPLIST_KEY_UIStatusBarStyle[sdk=iphoneos*]" = UIStatusBarStyleDefault;
				"INFOPLIST_KEY_UIStatusBarStyle[sdk=iphonesimulator*]" = UIStatusBarStyleDefault;
				INFOPLIST_KEY_UISupportedInterfaceOrientations_iPad = "UIInterfaceOrientationPortrait UIInterfaceOrientationPortraitUpsideDown UIInterfaceOrientationLandscapeLeft UIInterfaceOrientationLandscapeRight";
				INFOPLIST_KEY_UISupportedInterfaceOrientations_iPhone = "UIInterfaceOrientationPortrait UIInterfaceOrientationLandscapeLeft UIInterfaceOrientationLandscapeRight";
				IPHONEOS_DEPLOYMENT_TARGET = 16.4;
				LD_RUNPATH_SEARCH_PATHS = "@executable_path/Frameworks";
				"LD_RUNPATH_SEARCH_PATHS[sdk=macosx*]" = "@executable_path/../Frameworks";
				MACOSX_DEPLOYMENT_TARGET = 13.3;
				MARKETING_VERSION = 1.0;
				PRODUCT_BUNDLE_IDENTIFIER = "quy-nguyn.Assignment3";
				PRODUCT_NAME = "$(TARGET_NAME)";
				SDKROOT = auto;
				SUPPORTED_PLATFORMS = "iphoneos iphonesimulator macosx";
				SWIFT_EMIT_LOC_STRINGS = YES;
				SWIFT_VERSION = 5.0;
				TARGETED_DEVICE_FAMILY = "1,2";
			};
			name = Release;
		};
/* End XCBuildConfiguration section */

/* Begin XCConfigurationList section */
		15265DCD2AAAEF6300AB48A3 /* Build configuration list for PBXProject "Assignment3" */ = {
			isa = XCConfigurationList;
			buildConfigurations = (
				15265DDF2AAAEF6400AB48A3 /* Debug */,
				15265DE02AAAEF6400AB48A3 /* Release */,
			);
			defaultConfigurationIsVisible = 0;
			defaultConfigurationName = Release;
		};
		15265DE12AAAEF6400AB48A3 /* Build configuration list for PBXNativeTarget "Assignment3" */ = {
			isa = XCConfigurationList;
			buildConfigurations = (
				15265DE22AAAEF6400AB48A3 /* Debug */,
				15265DE32AAAEF6400AB48A3 /* Release */,
			);
			defaultConfigurationIsVisible = 0;
			defaultConfigurationName = Release;
		};
/* End XCConfigurationList section */

/* Begin XCRemoteSwiftPackageReference section */
		10FB6A872AAB51AB003ECA6D /* XCRemoteSwiftPackageReference "firebase-ios-sdk" */ = {
			isa = XCRemoteSwiftPackageReference;
			repositoryURL = "https://github.com/firebase/firebase-ios-sdk";
			requirement = {
				kind = upToNextMajorVersion;
				minimumVersion = 10.0.0;
			};
		};
		10FB6A9B2AAB90B6003ECA6D /* XCRemoteSwiftPackageReference "GoogleSignIn-iOS" */ = {
			isa = XCRemoteSwiftPackageReference;
			repositoryURL = "https://github.com/google/GoogleSignIn-iOS";
			requirement = {
				kind = upToNextMajorVersion;
				minimumVersion = 7.0.0;
			};
		};
/* End XCRemoteSwiftPackageReference section */

/* Begin XCSwiftPackageProductDependency section */
		10FB6A882AAB51AB003ECA6D /* FirebaseAuth */ = {
			isa = XCSwiftPackageProductDependency;
			package = 10FB6A872AAB51AB003ECA6D /* XCRemoteSwiftPackageReference "firebase-ios-sdk" */;
			productName = FirebaseAuth;
		};
		10FB6A8A2AAB51AB003ECA6D /* FirebaseDatabase */ = {
			isa = XCSwiftPackageProductDependency;
			package = 10FB6A872AAB51AB003ECA6D /* XCRemoteSwiftPackageReference "firebase-ios-sdk" */;
			productName = FirebaseDatabase;
		};
		10FB6A8C2AAB51AB003ECA6D /* FirebaseDatabaseSwift */ = {
			isa = XCSwiftPackageProductDependency;
			package = 10FB6A872AAB51AB003ECA6D /* XCRemoteSwiftPackageReference "firebase-ios-sdk" */;
			productName = FirebaseDatabaseSwift;
		};
		10FB6A8E2AAB51AB003ECA6D /* FirebaseFirestore */ = {
			isa = XCSwiftPackageProductDependency;
			package = 10FB6A872AAB51AB003ECA6D /* XCRemoteSwiftPackageReference "firebase-ios-sdk" */;
			productName = FirebaseFirestore;
		};
		10FB6A902AAB51AB003ECA6D /* FirebaseFirestoreCombine-Community */ = {
			isa = XCSwiftPackageProductDependency;
			package = 10FB6A872AAB51AB003ECA6D /* XCRemoteSwiftPackageReference "firebase-ios-sdk" */;
			productName = "FirebaseFirestoreCombine-Community";
		};
		10FB6A922AAB51AB003ECA6D /* FirebaseFirestoreSwift */ = {
			isa = XCSwiftPackageProductDependency;
			package = 10FB6A872AAB51AB003ECA6D /* XCRemoteSwiftPackageReference "firebase-ios-sdk" */;
			productName = FirebaseFirestoreSwift;
		};
		10FB6A942AAB51AB003ECA6D /* FirebaseStorage */ = {
			isa = XCSwiftPackageProductDependency;
			package = 10FB6A872AAB51AB003ECA6D /* XCRemoteSwiftPackageReference "firebase-ios-sdk" */;
			productName = FirebaseStorage;
		};
		10FB6A962AAB51AB003ECA6D /* FirebaseStorageCombine-Community */ = {
			isa = XCSwiftPackageProductDependency;
			package = 10FB6A872AAB51AB003ECA6D /* XCRemoteSwiftPackageReference "firebase-ios-sdk" */;
			productName = "FirebaseStorageCombine-Community";
		};
		10FB6A9C2AAB90B6003ECA6D /* GoogleSignIn */ = {
			isa = XCSwiftPackageProductDependency;
			package = 10FB6A9B2AAB90B6003ECA6D /* XCRemoteSwiftPackageReference "GoogleSignIn-iOS" */;
			productName = GoogleSignIn;
		};
		10FB6A9E2AAB90B6003ECA6D /* GoogleSignInSwift */ = {
			isa = XCSwiftPackageProductDependency;
			package = 10FB6A9B2AAB90B6003ECA6D /* XCRemoteSwiftPackageReference "GoogleSignIn-iOS" */;
			productName = GoogleSignInSwift;
		};
/* End XCSwiftPackageProductDependency section */
	};
	rootObject = 15265DCA2AAAEF6300AB48A3 /* Project object */;
}
