// !$*UTF8*$!
{
	archiveVersion = 1;
	classes = {
	};
	objectVersion = 56;
	objects = {

/* Begin PBXBuildFile section */
		15265DD62AAAEF6300AB48A3 /* Assignment3App.swift in Sources */ = {isa = PBXBuildFile; fileRef = 15265DD52AAAEF6300AB48A3 /* Assignment3App.swift */; };
		15265DD82AAAEF6300AB48A3 /* ContentView.swift in Sources */ = {isa = PBXBuildFile; fileRef = 15265DD72AAAEF6300AB48A3 /* ContentView.swift */; };
		15265DDA2AAAEF6400AB48A3 /* Assets.xcassets in Resources */ = {isa = PBXBuildFile; fileRef = 15265DD92AAAEF6400AB48A3 /* Assets.xcassets */; };
		15265DDE2AAAEF6400AB48A3 /* Preview Assets.xcassets in Resources */ = {isa = PBXBuildFile; fileRef = 15265DDD2AAAEF6400AB48A3 /* Preview Assets.xcassets */; };
		15265DF52AAAFE8F00AB48A3 /* LogIn.swift in Sources */ = {isa = PBXBuildFile; fileRef = 15265DF42AAAFE8F00AB48A3 /* LogIn.swift */; };
		15265DF72AAAFE9E00AB48A3 /* Account.swift in Sources */ = {isa = PBXBuildFile; fileRef = 15265DF62AAAFE9E00AB48A3 /* Account.swift */; };
		15265DF92AAAFEAA00AB48A3 /* AccountService.swift in Sources */ = {isa = PBXBuildFile; fileRef = 15265DF82AAAFEAA00AB48A3 /* AccountService.swift */; };
		15265DFF2AAAFEC300AB48A3 /* action.wav in Resources */ = {isa = PBXBuildFile; fileRef = 15265DFA2AAAFEC200AB48A3 /* action.wav */; };
		15265E002AAAFEC300AB48A3 /* lose.wav in Resources */ = {isa = PBXBuildFile; fileRef = 15265DFB2AAAFEC300AB48A3 /* lose.wav */; };
		15265E012AAAFEC300AB48A3 /* background.mp3 in Resources */ = {isa = PBXBuildFile; fileRef = 15265DFC2AAAFEC300AB48A3 /* background.mp3 */; };
		15265E022AAAFEC300AB48A3 /* newGame.wav in Resources */ = {isa = PBXBuildFile; fileRef = 15265DFD2AAAFEC300AB48A3 /* newGame.wav */; };
		15265E032AAAFEC300AB48A3 /* win.wav in Resources */ = {isa = PBXBuildFile; fileRef = 15265DFE2AAAFEC300AB48A3 /* win.wav */; };
<<<<<<< Updated upstream
=======
		15C77D722AADEEAC0009C600 /* SplashView.swift in Sources */ = {isa = PBXBuildFile; fileRef = 15C77D6D2AADEEAC0009C600 /* SplashView.swift */; };
		15C77D732AADEEAC0009C600 /* CustomSetUp.swift in Sources */ = {isa = PBXBuildFile; fileRef = 15C77D6E2AADEEAC0009C600 /* CustomSetUp.swift */; };
		15C77D742AADEEAC0009C600 /* SignUpView.swift in Sources */ = {isa = PBXBuildFile; fileRef = 15C77D6F2AADEEAC0009C600 /* SignUpView.swift */; };
		15C77D752AADEEAC0009C600 /* LogInView.swift in Sources */ = {isa = PBXBuildFile; fileRef = 15C77D702AADEEAC0009C600 /* LogInView.swift */; };
		15C77D762AADEEAC0009C600 /* DetailView.swift in Sources */ = {isa = PBXBuildFile; fileRef = 15C77D712AADEEAC0009C600 /* DetailView.swift */; };
		15C77D792AADEEC30009C600 /* AccountService.swift in Sources */ = {isa = PBXBuildFile; fileRef = 15C77D772AADEEC30009C600 /* AccountService.swift */; };
		15C77D7A2AADEEC30009C600 /* Color.swift in Sources */ = {isa = PBXBuildFile; fileRef = 15C77D782AADEEC30009C600 /* Color.swift */; };
		15C77D7C2AADEED10009C600 /* Food.swift in Sources */ = {isa = PBXBuildFile; fileRef = 15C77D7B2AADEED10009C600 /* Food.swift */; };
		15C77D7E2AADEF640009C600 /* Image in Resources */ = {isa = PBXBuildFile; fileRef = 15C77D7D2AADEF640009C600 /* Image */; };
		45C139DA2AACB507008AECDA /* HomeView.swift in Sources */ = {isa = PBXBuildFile; fileRef = 45C139D92AACB507008AECDA /* HomeView.swift */; };
		45C139DC2AADA964008AECDA /* EditableText.swift in Sources */ = {isa = PBXBuildFile; fileRef = 45C139DB2AADA964008AECDA /* EditableText.swift */; };
		45C139DE2AADA9F6008AECDA /* MapView.swift in Sources */ = {isa = PBXBuildFile; fileRef = 45C139DD2AADA9F6008AECDA /* MapView.swift */; };
		45C139E02AADAB70008AECDA /* AddressView.swift in Sources */ = {isa = PBXBuildFile; fileRef = 45C139DF2AADAB70008AECDA /* AddressView.swift */; };
		45C139E22AADAEBE008AECDA /* CheckoutView.swift in Sources */ = {isa = PBXBuildFile; fileRef = 45C139E12AADAEBE008AECDA /* CheckoutView.swift */; };
		BD8911A52AAF2E600065D7EA /* ItemRow.swift in Sources */ = {isa = PBXBuildFile; fileRef = BD8911A42AAF2E600065D7EA /* ItemRow.swift */; };
		BD8911A72AAF32A20065D7EA /* CartButton.swift in Sources */ = {isa = PBXBuildFile; fileRef = BD8911A62AAF32A20065D7EA /* CartButton.swift */; };
		BD8911A92AAF34900065D7EA /* CartAddButton.swift in Sources */ = {isa = PBXBuildFile; fileRef = BD8911A82AAF34900065D7EA /* CartAddButton.swift */; };
		BD8911AB2AAF39900065D7EA /* CartManager.swift in Sources */ = {isa = PBXBuildFile; fileRef = BD8911AA2AAF39900065D7EA /* CartManager.swift */; };
		BD8911AD2AAF3E230065D7EA /* HistoryButton.swift in Sources */ = {isa = PBXBuildFile; fileRef = BD8911AC2AAF3E230065D7EA /* HistoryButton.swift */; };
		BD8911AF2AAF3E720065D7EA /* HistoryView.swift in Sources */ = {isa = PBXBuildFile; fileRef = BD8911AE2AAF3E720065D7EA /* HistoryView.swift */; };
		BDC983A22AAF201E003CB0DA /* CartView.swift in Sources */ = {isa = PBXBuildFile; fileRef = BDC983A12AAF201E003CB0DA /* CartView.swift */; };
>>>>>>> Stashed changes
/* End PBXBuildFile section */

/* Begin PBXFileReference section */
		15265DD22AAAEF6300AB48A3 /* Assignment3.app */ = {isa = PBXFileReference; explicitFileType = wrapper.application; includeInIndex = 0; path = Assignment3.app; sourceTree = BUILT_PRODUCTS_DIR; };
		15265DD52AAAEF6300AB48A3 /* Assignment3App.swift */ = {isa = PBXFileReference; lastKnownFileType = sourcecode.swift; path = Assignment3App.swift; sourceTree = "<group>"; };
		15265DD72AAAEF6300AB48A3 /* ContentView.swift */ = {isa = PBXFileReference; lastKnownFileType = sourcecode.swift; path = ContentView.swift; sourceTree = "<group>"; };
		15265DD92AAAEF6400AB48A3 /* Assets.xcassets */ = {isa = PBXFileReference; lastKnownFileType = folder.assetcatalog; path = Assets.xcassets; sourceTree = "<group>"; };
		15265DDB2AAAEF6400AB48A3 /* Assignment3.entitlements */ = {isa = PBXFileReference; lastKnownFileType = text.plist.entitlements; path = Assignment3.entitlements; sourceTree = "<group>"; };
		15265DDD2AAAEF6400AB48A3 /* Preview Assets.xcassets */ = {isa = PBXFileReference; lastKnownFileType = folder.assetcatalog; path = "Preview Assets.xcassets"; sourceTree = "<group>"; };
		15265DF42AAAFE8F00AB48A3 /* LogIn.swift */ = {isa = PBXFileReference; lastKnownFileType = sourcecode.swift; path = LogIn.swift; sourceTree = "<group>"; };
		15265DF62AAAFE9E00AB48A3 /* Account.swift */ = {isa = PBXFileReference; lastKnownFileType = sourcecode.swift; path = Account.swift; sourceTree = "<group>"; };
		15265DF82AAAFEAA00AB48A3 /* AccountService.swift */ = {isa = PBXFileReference; lastKnownFileType = sourcecode.swift; path = AccountService.swift; sourceTree = "<group>"; };
		15265DFA2AAAFEC200AB48A3 /* action.wav */ = {isa = PBXFileReference; lastKnownFileType = audio.wav; path = action.wav; sourceTree = "<group>"; };
		15265DFB2AAAFEC300AB48A3 /* lose.wav */ = {isa = PBXFileReference; lastKnownFileType = audio.wav; path = lose.wav; sourceTree = "<group>"; };
		15265DFC2AAAFEC300AB48A3 /* background.mp3 */ = {isa = PBXFileReference; lastKnownFileType = audio.mp3; path = background.mp3; sourceTree = "<group>"; };
		15265DFD2AAAFEC300AB48A3 /* newGame.wav */ = {isa = PBXFileReference; lastKnownFileType = audio.wav; path = newGame.wav; sourceTree = "<group>"; };
		15265DFE2AAAFEC300AB48A3 /* win.wav */ = {isa = PBXFileReference; lastKnownFileType = audio.wav; path = win.wav; sourceTree = "<group>"; };
<<<<<<< Updated upstream
=======
		15C77D6D2AADEEAC0009C600 /* SplashView.swift */ = {isa = PBXFileReference; fileEncoding = 4; lastKnownFileType = sourcecode.swift; path = SplashView.swift; sourceTree = "<group>"; };
		15C77D6E2AADEEAC0009C600 /* CustomSetUp.swift */ = {isa = PBXFileReference; fileEncoding = 4; lastKnownFileType = sourcecode.swift; path = CustomSetUp.swift; sourceTree = "<group>"; };
		15C77D6F2AADEEAC0009C600 /* SignUpView.swift */ = {isa = PBXFileReference; fileEncoding = 4; lastKnownFileType = sourcecode.swift; path = SignUpView.swift; sourceTree = "<group>"; };
		15C77D702AADEEAC0009C600 /* LogInView.swift */ = {isa = PBXFileReference; fileEncoding = 4; lastKnownFileType = sourcecode.swift; path = LogInView.swift; sourceTree = "<group>"; };
		15C77D712AADEEAC0009C600 /* DetailView.swift */ = {isa = PBXFileReference; fileEncoding = 4; lastKnownFileType = sourcecode.swift; path = DetailView.swift; sourceTree = "<group>"; };
		15C77D772AADEEC30009C600 /* AccountService.swift */ = {isa = PBXFileReference; fileEncoding = 4; lastKnownFileType = sourcecode.swift; path = AccountService.swift; sourceTree = "<group>"; };
		15C77D782AADEEC30009C600 /* Color.swift */ = {isa = PBXFileReference; fileEncoding = 4; lastKnownFileType = sourcecode.swift; path = Color.swift; sourceTree = "<group>"; };
		15C77D7B2AADEED10009C600 /* Food.swift */ = {isa = PBXFileReference; fileEncoding = 4; lastKnownFileType = sourcecode.swift; path = Food.swift; sourceTree = "<group>"; };
		15C77D7D2AADEF640009C600 /* Image */ = {isa = PBXFileReference; lastKnownFileType = folder; path = Image; sourceTree = "<group>"; };
		45C139D92AACB507008AECDA /* HomeView.swift */ = {isa = PBXFileReference; lastKnownFileType = sourcecode.swift; path = HomeView.swift; sourceTree = "<group>"; };
		45C139DB2AADA964008AECDA /* EditableText.swift */ = {isa = PBXFileReference; lastKnownFileType = sourcecode.swift; path = EditableText.swift; sourceTree = "<group>"; };
		45C139DD2AADA9F6008AECDA /* MapView.swift */ = {isa = PBXFileReference; lastKnownFileType = sourcecode.swift; path = MapView.swift; sourceTree = "<group>"; };
		45C139DF2AADAB70008AECDA /* AddressView.swift */ = {isa = PBXFileReference; lastKnownFileType = sourcecode.swift; path = AddressView.swift; sourceTree = "<group>"; };
		45C139E12AADAEBE008AECDA /* CheckoutView.swift */ = {isa = PBXFileReference; lastKnownFileType = sourcecode.swift; path = CheckoutView.swift; sourceTree = "<group>"; };
		BD8911A42AAF2E600065D7EA /* ItemRow.swift */ = {isa = PBXFileReference; lastKnownFileType = sourcecode.swift; path = ItemRow.swift; sourceTree = "<group>"; };
		BD8911A62AAF32A20065D7EA /* CartButton.swift */ = {isa = PBXFileReference; lastKnownFileType = sourcecode.swift; path = CartButton.swift; sourceTree = "<group>"; };
		BD8911A82AAF34900065D7EA /* CartAddButton.swift */ = {isa = PBXFileReference; lastKnownFileType = sourcecode.swift; path = CartAddButton.swift; sourceTree = "<group>"; };
		BD8911AA2AAF39900065D7EA /* CartManager.swift */ = {isa = PBXFileReference; lastKnownFileType = sourcecode.swift; path = CartManager.swift; sourceTree = "<group>"; };
		BD8911AC2AAF3E230065D7EA /* HistoryButton.swift */ = {isa = PBXFileReference; lastKnownFileType = sourcecode.swift; path = HistoryButton.swift; sourceTree = "<group>"; };
		BD8911AE2AAF3E720065D7EA /* HistoryView.swift */ = {isa = PBXFileReference; lastKnownFileType = sourcecode.swift; path = HistoryView.swift; sourceTree = "<group>"; };
		BDC983A12AAF201E003CB0DA /* CartView.swift */ = {isa = PBXFileReference; lastKnownFileType = sourcecode.swift; path = CartView.swift; sourceTree = "<group>"; };
>>>>>>> Stashed changes
/* End PBXFileReference section */

/* Begin PBXFrameworksBuildPhase section */
		15265DCF2AAAEF6300AB48A3 /* Frameworks */ = {
			isa = PBXFrameworksBuildPhase;
			buildActionMask = 2147483647;
			files = (
			);
			runOnlyForDeploymentPostprocessing = 0;
		};
/* End PBXFrameworksBuildPhase section */

/* Begin PBXGroup section */
		15265DC92AAAEF6300AB48A3 = {
			isa = PBXGroup;
			children = (
				15265DD42AAAEF6300AB48A3 /* Assignment3 */,
				15265DD32AAAEF6300AB48A3 /* Products */,
			);
			sourceTree = "<group>";
		};
		15265DD32AAAEF6300AB48A3 /* Products */ = {
			isa = PBXGroup;
			children = (
				15265DD22AAAEF6300AB48A3 /* Assignment3.app */,
			);
			name = Products;
			sourceTree = "<group>";
		};
		15265DD42AAAEF6300AB48A3 /* Assignment3 */ = {
			isa = PBXGroup;
			children = (
				15265DD52AAAEF6300AB48A3 /* Assignment3App.swift */,
				15265DD72AAAEF6300AB48A3 /* ContentView.swift */,
				15265DF32AAAFE3F00AB48A3 /* Sound */,
				15265DF22AAAFE2A00AB48A3 /* Services */,
				15265DF12AAAFE2300AB48A3 /* Models */,
				15265DF02AAAFE1B00AB48A3 /* Views */,
				15265DD92AAAEF6400AB48A3 /* Assets.xcassets */,
				15265DDB2AAAEF6400AB48A3 /* Assignment3.entitlements */,
				15265DDC2AAAEF6400AB48A3 /* Preview Content */,
			);
			path = Assignment3;
			sourceTree = "<group>";
		};
		15265DDC2AAAEF6400AB48A3 /* Preview Content */ = {
			isa = PBXGroup;
			children = (
				15265DDD2AAAEF6400AB48A3 /* Preview Assets.xcassets */,
			);
			path = "Preview Content";
			sourceTree = "<group>";
		};
		15265DF02AAAFE1B00AB48A3 /* Views */ = {
			isa = PBXGroup;
			children = (
<<<<<<< Updated upstream
				15265DF42AAAFE8F00AB48A3 /* LogIn.swift */,
=======
				15C77D6E2AADEEAC0009C600 /* CustomSetUp.swift */,
				15C77D712AADEEAC0009C600 /* DetailView.swift */,
				1518F8F62AADF9AB00522C5A /* ProfileView.swift */,
				15C77D702AADEEAC0009C600 /* LogInView.swift */,
				15C77D6F2AADEEAC0009C600 /* SignUpView.swift */,
				15C77D6D2AADEEAC0009C600 /* SplashView.swift */,
				45C139D92AACB507008AECDA /* HomeView.swift */,
				45C139DB2AADA964008AECDA /* EditableText.swift */,
				45C139DD2AADA9F6008AECDA /* MapView.swift */,
				45C139DF2AADAB70008AECDA /* AddressView.swift */,
				45C139E12AADAEBE008AECDA /* CheckoutView.swift */,
				BDC983A12AAF201E003CB0DA /* CartView.swift */,
				BD8911A42AAF2E600065D7EA /* ItemRow.swift */,
				BD8911A62AAF32A20065D7EA /* CartButton.swift */,
				BD8911A82AAF34900065D7EA /* CartAddButton.swift */,
				BD8911AC2AAF3E230065D7EA /* HistoryButton.swift */,
				BD8911AE2AAF3E720065D7EA /* HistoryView.swift */,
>>>>>>> Stashed changes
			);
			path = Views;
			sourceTree = "<group>";
		};
		15265DF12AAAFE2300AB48A3 /* Models */ = {
			isa = PBXGroup;
			children = (
				15265DF62AAAFE9E00AB48A3 /* Account.swift */,
			);
			path = Models;
			sourceTree = "<group>";
		};
		15265DF22AAAFE2A00AB48A3 /* Services */ = {
			isa = PBXGroup;
			children = (
<<<<<<< Updated upstream
				15265DF82AAAFEAA00AB48A3 /* AccountService.swift */,
=======
				BD8911AA2AAF39900065D7EA /* CartManager.swift */,
				15C77D772AADEEC30009C600 /* AccountService.swift */,
				15C77D782AADEEC30009C600 /* Color.swift */,
				10A3C3F32AACA9C400937127 /* AuthService.swift */,
				101208C02AAE1A3200B45FAF /* FoodService.swift */,
				10F1F7552AAEB35F00E1D768 /* UserService.swift */,
>>>>>>> Stashed changes
			);
			path = Services;
			sourceTree = "<group>";
		};
		15265DF32AAAFE3F00AB48A3 /* Sound */ = {
			isa = PBXGroup;
			children = (
				15265DFA2AAAFEC200AB48A3 /* action.wav */,
				15265DFC2AAAFEC300AB48A3 /* background.mp3 */,
				15265DFB2AAAFEC300AB48A3 /* lose.wav */,
				15265DFD2AAAFEC300AB48A3 /* newGame.wav */,
				15265DFE2AAAFEC300AB48A3 /* win.wav */,
			);
			path = Sound;
			sourceTree = "<group>";
		};
/* End PBXGroup section */

/* Begin PBXNativeTarget section */
		15265DD12AAAEF6300AB48A3 /* Assignment3 */ = {
			isa = PBXNativeTarget;
			buildConfigurationList = 15265DE12AAAEF6400AB48A3 /* Build configuration list for PBXNativeTarget "Assignment3" */;
			buildPhases = (
				15265DCE2AAAEF6300AB48A3 /* Sources */,
				15265DCF2AAAEF6300AB48A3 /* Frameworks */,
				15265DD02AAAEF6300AB48A3 /* Resources */,
			);
			buildRules = (
			);
			dependencies = (
			);
			name = Assignment3;
			productName = Assignment3;
			productReference = 15265DD22AAAEF6300AB48A3 /* Assignment3.app */;
			productType = "com.apple.product-type.application";
		};
/* End PBXNativeTarget section */

/* Begin PBXProject section */
		15265DCA2AAAEF6300AB48A3 /* Project object */ = {
			isa = PBXProject;
			attributes = {
				BuildIndependentTargetsInParallel = 1;
				LastSwiftUpdateCheck = 1430;
				LastUpgradeCheck = 1430;
				TargetAttributes = {
					15265DD12AAAEF6300AB48A3 = {
						CreatedOnToolsVersion = 14.3.1;
					};
				};
			};
			buildConfigurationList = 15265DCD2AAAEF6300AB48A3 /* Build configuration list for PBXProject "Assignment3" */;
			compatibilityVersion = "Xcode 14.0";
			developmentRegion = en;
			hasScannedForEncodings = 0;
			knownRegions = (
				en,
				Base,
			);
			mainGroup = 15265DC92AAAEF6300AB48A3;
			productRefGroup = 15265DD32AAAEF6300AB48A3 /* Products */;
			projectDirPath = "";
			projectRoot = "";
			targets = (
				15265DD12AAAEF6300AB48A3 /* Assignment3 */,
			);
		};
/* End PBXProject section */

/* Begin PBXResourcesBuildPhase section */
		15265DD02AAAEF6300AB48A3 /* Resources */ = {
			isa = PBXResourcesBuildPhase;
			buildActionMask = 2147483647;
			files = (
				15265E032AAAFEC300AB48A3 /* win.wav in Resources */,
				15265DDE2AAAEF6400AB48A3 /* Preview Assets.xcassets in Resources */,
				15265E012AAAFEC300AB48A3 /* background.mp3 in Resources */,
				15265DDA2AAAEF6400AB48A3 /* Assets.xcassets in Resources */,
				15265E022AAAFEC300AB48A3 /* newGame.wav in Resources */,
				15265DFF2AAAFEC300AB48A3 /* action.wav in Resources */,
				15265E002AAAFEC300AB48A3 /* lose.wav in Resources */,
			);
			runOnlyForDeploymentPostprocessing = 0;
		};
/* End PBXResourcesBuildPhase section */

/* Begin PBXSourcesBuildPhase section */
		15265DCE2AAAEF6300AB48A3 /* Sources */ = {
			isa = PBXSourcesBuildPhase;
			buildActionMask = 2147483647;
			files = (
				15265DD82AAAEF6300AB48A3 /* ContentView.swift in Sources */,
<<<<<<< Updated upstream
				15265DF72AAAFE9E00AB48A3 /* Account.swift in Sources */,
				15265DF52AAAFE8F00AB48A3 /* LogIn.swift in Sources */,
				15265DF92AAAFEAA00AB48A3 /* AccountService.swift in Sources */,
				15265DD62AAAEF6300AB48A3 /* Assignment3App.swift in Sources */,
=======
				BD8911A52AAF2E600065D7EA /* ItemRow.swift in Sources */,
				101208C62AAE28DF00B45FAF /* EncodableExtension.swift in Sources */,
				101208C42AAE28BB00B45FAF /* Constants.swift in Sources */,
				15C77D762AADEEAC0009C600 /* DetailView.swift in Sources */,
				BD8911A72AAF32A20065D7EA /* CartButton.swift in Sources */,
				1518F8F72AADF9AB00522C5A /* ProfileView.swift in Sources */,
				15C77D722AADEEAC0009C600 /* SplashView.swift in Sources */,
				45C139DE2AADA9F6008AECDA /* MapView.swift in Sources */,
				BDC983A22AAF201E003CB0DA /* CartView.swift in Sources */,
				10FB6A9A2AAB9071003ECA6D /* AuthStore.swift in Sources */,
				BD8911A92AAF34900065D7EA /* CartAddButton.swift in Sources */,
				10F1F7582AAEB74100E1D768 /* AppUser.swift in Sources */,
				101208C12AAE1A3200B45FAF /* FoodService.swift in Sources */,
				BD8911AF2AAF3E720065D7EA /* HistoryView.swift in Sources */,
				15C77D7A2AADEEC30009C600 /* Color.swift in Sources */,
				45C139E02AADAB70008AECDA /* AddressView.swift in Sources */,
				10A3C3F22AACA76300937127 /* EnvironmentWrapper.swift in Sources */,
				45C139E22AADAEBE008AECDA /* CheckoutView.swift in Sources */,
				15265DF72AAAFE9E00AB48A3 /* Account.swift in Sources */,
				15C77D7C2AADEED10009C600 /* Food.swift in Sources */,
				101208C82AAE2C6C00B45FAF /* FirebaseServiceProtocol.swift in Sources */,
				15C77D742AADEEAC0009C600 /* SignUpView.swift in Sources */,
				15C77D732AADEEAC0009C600 /* CustomSetUp.swift in Sources */,
				15C77D752AADEEAC0009C600 /* LogInView.swift in Sources */,
				10F1F7562AAEB35F00E1D768 /* UserService.swift in Sources */,
				15C77D792AADEEC30009C600 /* AccountService.swift in Sources */,
				BD8911AD2AAF3E230065D7EA /* HistoryButton.swift in Sources */,
				15265DD62AAAEF6300AB48A3 /* Assignment3App.swift in Sources */,
				BD8911AB2AAF39900065D7EA /* CartManager.swift in Sources */,
				10A3C3F42AACA9C400937127 /* AuthService.swift in Sources */,
>>>>>>> Stashed changes
			);
			runOnlyForDeploymentPostprocessing = 0;
		};
/* End PBXSourcesBuildPhase section */

/* Begin XCBuildConfiguration section */
		15265DDF2AAAEF6400AB48A3 /* Debug */ = {
			isa = XCBuildConfiguration;
			buildSettings = {
				ALWAYS_SEARCH_USER_PATHS = NO;
				CLANG_ANALYZER_NONNULL = YES;
				CLANG_ANALYZER_NUMBER_OBJECT_CONVERSION = YES_AGGRESSIVE;
				CLANG_CXX_LANGUAGE_STANDARD = "gnu++20";
				CLANG_ENABLE_MODULES = YES;
				CLANG_ENABLE_OBJC_ARC = YES;
				CLANG_ENABLE_OBJC_WEAK = YES;
				CLANG_WARN_BLOCK_CAPTURE_AUTORELEASING = YES;
				CLANG_WARN_BOOL_CONVERSION = YES;
				CLANG_WARN_COMMA = YES;
				CLANG_WARN_CONSTANT_CONVERSION = YES;
				CLANG_WARN_DEPRECATED_OBJC_IMPLEMENTATIONS = YES;
				CLANG_WARN_DIRECT_OBJC_ISA_USAGE = YES_ERROR;
				CLANG_WARN_DOCUMENTATION_COMMENTS = YES;
				CLANG_WARN_EMPTY_BODY = YES;
				CLANG_WARN_ENUM_CONVERSION = YES;
				CLANG_WARN_INFINITE_RECURSION = YES;
				CLANG_WARN_INT_CONVERSION = YES;
				CLANG_WARN_NON_LITERAL_NULL_CONVERSION = YES;
				CLANG_WARN_OBJC_IMPLICIT_RETAIN_SELF = YES;
				CLANG_WARN_OBJC_LITERAL_CONVERSION = YES;
				CLANG_WARN_OBJC_ROOT_CLASS = YES_ERROR;
				CLANG_WARN_QUOTED_INCLUDE_IN_FRAMEWORK_HEADER = YES;
				CLANG_WARN_RANGE_LOOP_ANALYSIS = YES;
				CLANG_WARN_STRICT_PROTOTYPES = YES;
				CLANG_WARN_SUSPICIOUS_MOVE = YES;
				CLANG_WARN_UNGUARDED_AVAILABILITY = YES_AGGRESSIVE;
				CLANG_WARN_UNREACHABLE_CODE = YES;
				CLANG_WARN__DUPLICATE_METHOD_MATCH = YES;
				COPY_PHASE_STRIP = NO;
				DEBUG_INFORMATION_FORMAT = dwarf;
				ENABLE_STRICT_OBJC_MSGSEND = YES;
				ENABLE_TESTABILITY = YES;
				GCC_C_LANGUAGE_STANDARD = gnu11;
				GCC_DYNAMIC_NO_PIC = NO;
				GCC_NO_COMMON_BLOCKS = YES;
				GCC_OPTIMIZATION_LEVEL = 0;
				GCC_PREPROCESSOR_DEFINITIONS = (
					"DEBUG=1",
					"$(inherited)",
				);
				GCC_WARN_64_TO_32_BIT_CONVERSION = YES;
				GCC_WARN_ABOUT_RETURN_TYPE = YES_ERROR;
				GCC_WARN_UNDECLARED_SELECTOR = YES;
				GCC_WARN_UNINITIALIZED_AUTOS = YES_AGGRESSIVE;
				GCC_WARN_UNUSED_FUNCTION = YES;
				GCC_WARN_UNUSED_VARIABLE = YES;
				MTL_ENABLE_DEBUG_INFO = INCLUDE_SOURCE;
				MTL_FAST_MATH = YES;
				ONLY_ACTIVE_ARCH = YES;
				SWIFT_ACTIVE_COMPILATION_CONDITIONS = DEBUG;
				SWIFT_OPTIMIZATION_LEVEL = "-Onone";
			};
			name = Debug;
		};
		15265DE02AAAEF6400AB48A3 /* Release */ = {
			isa = XCBuildConfiguration;
			buildSettings = {
				ALWAYS_SEARCH_USER_PATHS = NO;
				CLANG_ANALYZER_NONNULL = YES;
				CLANG_ANALYZER_NUMBER_OBJECT_CONVERSION = YES_AGGRESSIVE;
				CLANG_CXX_LANGUAGE_STANDARD = "gnu++20";
				CLANG_ENABLE_MODULES = YES;
				CLANG_ENABLE_OBJC_ARC = YES;
				CLANG_ENABLE_OBJC_WEAK = YES;
				CLANG_WARN_BLOCK_CAPTURE_AUTORELEASING = YES;
				CLANG_WARN_BOOL_CONVERSION = YES;
				CLANG_WARN_COMMA = YES;
				CLANG_WARN_CONSTANT_CONVERSION = YES;
				CLANG_WARN_DEPRECATED_OBJC_IMPLEMENTATIONS = YES;
				CLANG_WARN_DIRECT_OBJC_ISA_USAGE = YES_ERROR;
				CLANG_WARN_DOCUMENTATION_COMMENTS = YES;
				CLANG_WARN_EMPTY_BODY = YES;
				CLANG_WARN_ENUM_CONVERSION = YES;
				CLANG_WARN_INFINITE_RECURSION = YES;
				CLANG_WARN_INT_CONVERSION = YES;
				CLANG_WARN_NON_LITERAL_NULL_CONVERSION = YES;
				CLANG_WARN_OBJC_IMPLICIT_RETAIN_SELF = YES;
				CLANG_WARN_OBJC_LITERAL_CONVERSION = YES;
				CLANG_WARN_OBJC_ROOT_CLASS = YES_ERROR;
				CLANG_WARN_QUOTED_INCLUDE_IN_FRAMEWORK_HEADER = YES;
				CLANG_WARN_RANGE_LOOP_ANALYSIS = YES;
				CLANG_WARN_STRICT_PROTOTYPES = YES;
				CLANG_WARN_SUSPICIOUS_MOVE = YES;
				CLANG_WARN_UNGUARDED_AVAILABILITY = YES_AGGRESSIVE;
				CLANG_WARN_UNREACHABLE_CODE = YES;
				CLANG_WARN__DUPLICATE_METHOD_MATCH = YES;
				COPY_PHASE_STRIP = NO;
				DEBUG_INFORMATION_FORMAT = "dwarf-with-dsym";
				ENABLE_NS_ASSERTIONS = NO;
				ENABLE_STRICT_OBJC_MSGSEND = YES;
				GCC_C_LANGUAGE_STANDARD = gnu11;
				GCC_NO_COMMON_BLOCKS = YES;
				GCC_WARN_64_TO_32_BIT_CONVERSION = YES;
				GCC_WARN_ABOUT_RETURN_TYPE = YES_ERROR;
				GCC_WARN_UNDECLARED_SELECTOR = YES;
				GCC_WARN_UNINITIALIZED_AUTOS = YES_AGGRESSIVE;
				GCC_WARN_UNUSED_FUNCTION = YES;
				GCC_WARN_UNUSED_VARIABLE = YES;
				MTL_ENABLE_DEBUG_INFO = NO;
				MTL_FAST_MATH = YES;
				SWIFT_COMPILATION_MODE = wholemodule;
				SWIFT_OPTIMIZATION_LEVEL = "-O";
			};
			name = Release;
		};
		15265DE22AAAEF6400AB48A3 /* Debug */ = {
			isa = XCBuildConfiguration;
			buildSettings = {
				ASSETCATALOG_COMPILER_APPICON_NAME = AppIcon;
				ASSETCATALOG_COMPILER_GLOBAL_ACCENT_COLOR_NAME = AccentColor;
				CODE_SIGN_ENTITLEMENTS = Assignment3/Assignment3.entitlements;
				CODE_SIGN_STYLE = Automatic;
				CURRENT_PROJECT_VERSION = 1;
				DEVELOPMENT_ASSET_PATHS = "\"Assignment3/Preview Content\"";
				DEVELOPMENT_TEAM = "";
				ENABLE_HARDENED_RUNTIME = YES;
				ENABLE_PREVIEWS = YES;
				GENERATE_INFOPLIST_FILE = YES;
				"INFOPLIST_KEY_UIApplicationSceneManifest_Generation[sdk=iphoneos*]" = YES;
				"INFOPLIST_KEY_UIApplicationSceneManifest_Generation[sdk=iphonesimulator*]" = YES;
				"INFOPLIST_KEY_UIApplicationSupportsIndirectInputEvents[sdk=iphoneos*]" = YES;
				"INFOPLIST_KEY_UIApplicationSupportsIndirectInputEvents[sdk=iphonesimulator*]" = YES;
				"INFOPLIST_KEY_UILaunchScreen_Generation[sdk=iphoneos*]" = YES;
				"INFOPLIST_KEY_UILaunchScreen_Generation[sdk=iphonesimulator*]" = YES;
				"INFOPLIST_KEY_UIStatusBarStyle[sdk=iphoneos*]" = UIStatusBarStyleDefault;
				"INFOPLIST_KEY_UIStatusBarStyle[sdk=iphonesimulator*]" = UIStatusBarStyleDefault;
				INFOPLIST_KEY_UISupportedInterfaceOrientations_iPad = "UIInterfaceOrientationPortrait UIInterfaceOrientationPortraitUpsideDown UIInterfaceOrientationLandscapeLeft UIInterfaceOrientationLandscapeRight";
				INFOPLIST_KEY_UISupportedInterfaceOrientations_iPhone = "UIInterfaceOrientationPortrait UIInterfaceOrientationLandscapeLeft UIInterfaceOrientationLandscapeRight";
				IPHONEOS_DEPLOYMENT_TARGET = 16.4;
				LD_RUNPATH_SEARCH_PATHS = "@executable_path/Frameworks";
				"LD_RUNPATH_SEARCH_PATHS[sdk=macosx*]" = "@executable_path/../Frameworks";
				MACOSX_DEPLOYMENT_TARGET = 13.3;
				MARKETING_VERSION = 1.0;
				PRODUCT_BUNDLE_IDENTIFIER = "quy-nguyn.Assignment3";
				PRODUCT_NAME = "$(TARGET_NAME)";
				SDKROOT = auto;
				SUPPORTED_PLATFORMS = "iphoneos iphonesimulator macosx";
				SWIFT_EMIT_LOC_STRINGS = YES;
				SWIFT_VERSION = 5.0;
				TARGETED_DEVICE_FAMILY = "1,2";
			};
			name = Debug;
		};
		15265DE32AAAEF6400AB48A3 /* Release */ = {
			isa = XCBuildConfiguration;
			buildSettings = {
				ASSETCATALOG_COMPILER_APPICON_NAME = AppIcon;
				ASSETCATALOG_COMPILER_GLOBAL_ACCENT_COLOR_NAME = AccentColor;
				CODE_SIGN_ENTITLEMENTS = Assignment3/Assignment3.entitlements;
				CODE_SIGN_STYLE = Automatic;
				CURRENT_PROJECT_VERSION = 1;
				DEVELOPMENT_ASSET_PATHS = "\"Assignment3/Preview Content\"";
				DEVELOPMENT_TEAM = "";
				ENABLE_HARDENED_RUNTIME = YES;
				ENABLE_PREVIEWS = YES;
				GENERATE_INFOPLIST_FILE = YES;
				"INFOPLIST_KEY_UIApplicationSceneManifest_Generation[sdk=iphoneos*]" = YES;
				"INFOPLIST_KEY_UIApplicationSceneManifest_Generation[sdk=iphonesimulator*]" = YES;
				"INFOPLIST_KEY_UIApplicationSupportsIndirectInputEvents[sdk=iphoneos*]" = YES;
				"INFOPLIST_KEY_UIApplicationSupportsIndirectInputEvents[sdk=iphonesimulator*]" = YES;
				"INFOPLIST_KEY_UILaunchScreen_Generation[sdk=iphoneos*]" = YES;
				"INFOPLIST_KEY_UILaunchScreen_Generation[sdk=iphonesimulator*]" = YES;
				"INFOPLIST_KEY_UIStatusBarStyle[sdk=iphoneos*]" = UIStatusBarStyleDefault;
				"INFOPLIST_KEY_UIStatusBarStyle[sdk=iphonesimulator*]" = UIStatusBarStyleDefault;
				INFOPLIST_KEY_UISupportedInterfaceOrientations_iPad = "UIInterfaceOrientationPortrait UIInterfaceOrientationPortraitUpsideDown UIInterfaceOrientationLandscapeLeft UIInterfaceOrientationLandscapeRight";
				INFOPLIST_KEY_UISupportedInterfaceOrientations_iPhone = "UIInterfaceOrientationPortrait UIInterfaceOrientationLandscapeLeft UIInterfaceOrientationLandscapeRight";
				IPHONEOS_DEPLOYMENT_TARGET = 16.4;
				LD_RUNPATH_SEARCH_PATHS = "@executable_path/Frameworks";
				"LD_RUNPATH_SEARCH_PATHS[sdk=macosx*]" = "@executable_path/../Frameworks";
				MACOSX_DEPLOYMENT_TARGET = 13.3;
				MARKETING_VERSION = 1.0;
				PRODUCT_BUNDLE_IDENTIFIER = "quy-nguyn.Assignment3";
				PRODUCT_NAME = "$(TARGET_NAME)";
				SDKROOT = auto;
				SUPPORTED_PLATFORMS = "iphoneos iphonesimulator macosx";
				SWIFT_EMIT_LOC_STRINGS = YES;
				SWIFT_VERSION = 5.0;
				TARGETED_DEVICE_FAMILY = "1,2";
			};
			name = Release;
		};
/* End XCBuildConfiguration section */

/* Begin XCConfigurationList section */
		15265DCD2AAAEF6300AB48A3 /* Build configuration list for PBXProject "Assignment3" */ = {
			isa = XCConfigurationList;
			buildConfigurations = (
				15265DDF2AAAEF6400AB48A3 /* Debug */,
				15265DE02AAAEF6400AB48A3 /* Release */,
			);
			defaultConfigurationIsVisible = 0;
			defaultConfigurationName = Release;
		};
		15265DE12AAAEF6400AB48A3 /* Build configuration list for PBXNativeTarget "Assignment3" */ = {
			isa = XCConfigurationList;
			buildConfigurations = (
				15265DE22AAAEF6400AB48A3 /* Debug */,
				15265DE32AAAEF6400AB48A3 /* Release */,
			);
			defaultConfigurationIsVisible = 0;
			defaultConfigurationName = Release;
		};
/* End XCConfigurationList section */
	};
	rootObject = 15265DCA2AAAEF6300AB48A3 /* Project object */;
}
